// !$*UTF8*$!
{
	archiveVersion = 1;
	classes = {
	};
	objectVersion = 55;
	objects = {

/* Begin PBXBuildFile section */
		DC49C0AF2848C91A0001E114 /* AppDelegate.swift in Sources */ = {isa = PBXBuildFile; fileRef = DC49C0AE2848C91A0001E114 /* AppDelegate.swift */; };
		DC49C0B12848C91A0001E114 /* SceneDelegate.swift in Sources */ = {isa = PBXBuildFile; fileRef = DC49C0B02848C91A0001E114 /* SceneDelegate.swift */; };
		DC49C0B32848C91A0001E114 /* ViewController.swift in Sources */ = {isa = PBXBuildFile; fileRef = DC49C0B22848C91A0001E114 /* ViewController.swift */; };
		DC49C0B62848C91A0001E114 /* Main.storyboard in Resources */ = {isa = PBXBuildFile; fileRef = DC49C0B42848C91A0001E114 /* Main.storyboard */; };
		DC49C0B82848C91C0001E114 /* Assets.xcassets in Resources */ = {isa = PBXBuildFile; fileRef = DC49C0B72848C91C0001E114 /* Assets.xcassets */; };
		DC49C0BB2848C91C0001E114 /* LaunchScreen.storyboard in Resources */ = {isa = PBXBuildFile; fileRef = DC49C0B92848C91C0001E114 /* LaunchScreen.storyboard */; };
		DC49C0CE2848CA2D0001E114 /* TableViewCell.swift in Sources */ = {isa = PBXBuildFile; fileRef = DC49C0CC2848CA2D0001E114 /* TableViewCell.swift */; };
		DC49C0CF2848CA2D0001E114 /* TableViewCell.xib in Resources */ = {isa = PBXBuildFile; fileRef = DC49C0CD2848CA2D0001E114 /* TableViewCell.xib */; };
/* End PBXBuildFile section */

/* Begin PBXFileReference section */
		DC49C0AB2848C91A0001E114 /* tableViewDragModule.app */ = {isa = PBXFileReference; explicitFileType = wrapper.application; includeInIndex = 0; path = tableViewDragModule.app; sourceTree = BUILT_PRODUCTS_DIR; };
		DC49C0AE2848C91A0001E114 /* AppDelegate.swift */ = {isa = PBXFileReference; lastKnownFileType = sourcecode.swift; path = AppDelegate.swift; sourceTree = "<group>"; };
		DC49C0B02848C91A0001E114 /* SceneDelegate.swift */ = {isa = PBXFileReference; lastKnownFileType = sourcecode.swift; path = SceneDelegate.swift; sourceTree = "<group>"; };
		DC49C0B22848C91A0001E114 /* ViewController.swift */ = {isa = PBXFileReference; lastKnownFileType = sourcecode.swift; path = ViewController.swift; sourceTree = "<group>"; };
		DC49C0B52848C91A0001E114 /* Base */ = {isa = PBXFileReference; lastKnownFileType = file.storyboard; name = Base; path = Base.lproj/Main.storyboard; sourceTree = "<group>"; };
		DC49C0B72848C91C0001E114 /* Assets.xcassets */ = {isa = PBXFileReference; lastKnownFileType = folder.assetcatalog; path = Assets.xcassets; sourceTree = "<group>"; };
		DC49C0BA2848C91C0001E114 /* Base */ = {isa = PBXFileReference; lastKnownFileType = file.storyboard; name = Base; path = Base.lproj/LaunchScreen.storyboard; sourceTree = "<group>"; };
		DC49C0BC2848C91C0001E114 /* Info.plist */ = {isa = PBXFileReference; lastKnownFileType = text.plist.xml; path = Info.plist; sourceTree = "<group>"; };
		DC49C0CC2848CA2D0001E114 /* TableViewCell.swift */ = {isa = PBXFileReference; lastKnownFileType = sourcecode.swift; path = TableViewCell.swift; sourceTree = "<group>"; };
		DC49C0CD2848CA2D0001E114 /* TableViewCell.xib */ = {isa = PBXFileReference; lastKnownFileType = file.xib; path = TableViewCell.xib; sourceTree = "<group>"; };
/* End PBXFileReference section */

/* Begin PBXFrameworksBuildPhase section */
		DC49C0A82848C91A0001E114 /* Frameworks */ = {
			isa = PBXFrameworksBuildPhase;
			buildActionMask = 2147483647;
			files = (
			);
			runOnlyForDeploymentPostprocessing = 0;
		};
/* End PBXFrameworksBuildPhase section */

/* Begin PBXGroup section */
		DC49C0A22848C91A0001E114 = {
			isa = PBXGroup;
			children = (
				DC49C0AD2848C91A0001E114 /* tableViewDragModule */,
				DC49C0AC2848C91A0001E114 /* Products */,
			);
			sourceTree = "<group>";
		};
		DC49C0AC2848C91A0001E114 /* Products */ = {
			isa = PBXGroup;
			children = (
				DC49C0AB2848C91A0001E114 /* tableViewDragModule.app */,
			);
			name = Products;
			sourceTree = "<group>";
		};
		DC49C0AD2848C91A0001E114 /* tableViewDragModule */ = {
			isa = PBXGroup;
			children = (
				DC49C0CB2848CA210001E114 /* cell */,
				DC49C0AE2848C91A0001E114 /* AppDelegate.swift */,
				DC49C0B02848C91A0001E114 /* SceneDelegate.swift */,
				DC49C0B22848C91A0001E114 /* ViewController.swift */,
				DC49C0B42848C91A0001E114 /* Main.storyboard */,
				DC49C0B72848C91C0001E114 /* Assets.xcassets */,
				DC49C0B92848C91C0001E114 /* LaunchScreen.storyboard */,
				DC49C0BC2848C91C0001E114 /* Info.plist */,
			);
			path = tableViewDragModule;
			sourceTree = "<group>";
		};
		DC49C0CB2848CA210001E114 /* cell */ = {
			isa = PBXGroup;
			children = (
				DC49C0CC2848CA2D0001E114 /* TableViewCell.swift */,
				DC49C0CD2848CA2D0001E114 /* TableViewCell.xib */,
			);
			path = cell;
			sourceTree = "<group>";
		};
/* End PBXGroup section */

/* Begin PBXNativeTarget section */
		DC49C0AA2848C91A0001E114 /* tableViewDragModule */ = {
			isa = PBXNativeTarget;
			buildConfigurationList = DC49C0BF2848C91C0001E114 /* Build configuration list for PBXNativeTarget "tableViewDragModule" */;
			buildPhases = (
				DC49C0A72848C91A0001E114 /* Sources */,
				DC49C0A82848C91A0001E114 /* Frameworks */,
				DC49C0A92848C91A0001E114 /* Resources */,
			);
			buildRules = (
			);
			dependencies = (
			);
			name = tableViewDragModule;
			productName = tableViewDragModule;
			productReference = DC49C0AB2848C91A0001E114 /* tableViewDragModule.app */;
			productType = "com.apple.product-type.application";
		};
/* End PBXNativeTarget section */

/* Begin PBXProject section */
		DC49C0A32848C91A0001E114 /* Project object */ = {
			isa = PBXProject;
			attributes = {
				BuildIndependentTargetsInParallel = 1;
				LastSwiftUpdateCheck = 1340;
				LastUpgradeCheck = 1340;
				TargetAttributes = {
					DC49C0AA2848C91A0001E114 = {
						CreatedOnToolsVersion = 13.4;
					};
				};
			};
			buildConfigurationList = DC49C0A62848C91A0001E114 /* Build configuration list for PBXProject "tableViewDragModule" */;
			compatibilityVersion = "Xcode 13.0";
			developmentRegion = en;
			hasScannedForEncodings = 0;
			knownRegions = (
				en,
				Base,
			);
			mainGroup = DC49C0A22848C91A0001E114;
			productRefGroup = DC49C0AC2848C91A0001E114 /* Products */;
			projectDirPath = "";
			projectRoot = "";
			targets = (
				DC49C0AA2848C91A0001E114 /* tableViewDragModule */,
			);
		};
/* End PBXProject section */

/* Begin PBXResourcesBuildPhase section */
		DC49C0A92848C91A0001E114 /* Resources */ = {
			isa = PBXResourcesBuildPhase;
			buildActionMask = 2147483647;
			files = (
				DC49C0BB2848C91C0001E114 /* LaunchScreen.storyboard in Resources */,
				DC49C0CF2848CA2D0001E114 /* TableViewCell.xib in Resources */,
				DC49C0B82848C91C0001E114 /* Assets.xcassets in Resources */,
				DC49C0B62848C91A0001E114 /* Main.storyboard in Resources */,
			);
			runOnlyForDeploymentPostprocessing = 0;
		};
/* End PBXResourcesBuildPhase section */

/* Begin PBXSourcesBuildPhase section */
		DC49C0A72848C91A0001E114 /* Sources */ = {
			isa = PBXSourcesBuildPhase;
			buildActionMask = 2147483647;
			files = (
				DC49C0B32848C91A0001E114 /* ViewController.swift in Sources */,
				DC49C0CE2848CA2D0001E114 /* TableViewCell.swift in Sources */,
				DC49C0AF2848C91A0001E114 /* AppDelegate.swift in Sources */,
				DC49C0B12848C91A0001E114 /* SceneDelegate.swift in Sources */,
			);
			runOnlyForDeploymentPostprocessing = 0;
		};
/* End PBXSourcesBuildPhase section */

/* Begin PBXVariantGroup section */
		DC49C0B42848C91A0001E114 /* Main.storyboard */ = {
			isa = PBXVariantGroup;
			children = (
				DC49C0B52848C91A0001E114 /* Base */,
			);
			name = Main.storyboard;
			sourceTree = "<group>";
		};
		DC49C0B92848C91C0001E114 /* LaunchScreen.storyboard */ = {
			isa = PBXVariantGroup;
			children = (
				DC49C0BA2848C91C0001E114 /* Base */,
			);
			name = LaunchScreen.storyboard;
			sourceTree = "<group>";
		};
/* End PBXVariantGroup section */

/* Begin XCBuildConfiguration section */
		DC49C0BD2848C91C0001E114 /* Debug */ = {
			isa = XCBuildConfiguration;
			buildSettings = {
				ALWAYS_SEARCH_USER_PATHS = NO;
				CLANG_ANALYZER_NONNULL = YES;
				CLANG_ANALYZER_NUMBER_OBJECT_CONVERSION = YES_AGGRESSIVE;
				CLANG_CXX_LANGUAGE_STANDARD = "gnu++17";
				CLANG_ENABLE_MODULES = YES;
				CLANG_ENABLE_OBJC_ARC = YES;
				CLANG_ENABLE_OBJC_WEAK = YES;
				CLANG_WARN_BLOCK_CAPTURE_AUTORELEASING = YES;
				CLANG_WARN_BOOL_CONVERSION = YES;
				CLANG_WARN_COMMA = YES;
				CLANG_WARN_CONSTANT_CONVERSION = YES;
				CLANG_WARN_DEPRECATED_OBJC_IMPLEMENTATIONS = YES;
				CLANG_WARN_DIRECT_OBJC_ISA_USAGE = YES_ERROR;
				CLANG_WARN_DOCUMENTATION_COMMENTS = YES;
				CLANG_WARN_EMPTY_BODY = YES;
				CLANG_WARN_ENUM_CONVERSION = YES;
				CLANG_WARN_INFINITE_RECURSION = YES;
				CLANG_WARN_INT_CONVERSION = YES;
				CLANG_WARN_NON_LITERAL_NULL_CONVERSION = YES;
				CLANG_WARN_OBJC_IMPLICIT_RETAIN_SELF = YES;
				CLANG_WARN_OBJC_LITERAL_CONVERSION = YES;
				CLANG_WARN_OBJC_ROOT_CLASS = YES_ERROR;
				CLANG_WARN_QUOTED_INCLUDE_IN_FRAMEWORK_HEADER = YES;
				CLANG_WARN_RANGE_LOOP_ANALYSIS = YES;
				CLANG_WARN_STRICT_PROTOTYPES = YES;
				CLANG_WARN_SUSPICIOUS_MOVE = YES;
				CLANG_WARN_UNGUARDED_AVAILABILITY = YES_AGGRESSIVE;
				CLANG_WARN_UNREACHABLE_CODE = YES;
				CLANG_WARN__DUPLICATE_METHOD_MATCH = YES;
				COPY_PHASE_STRIP = NO;
				DEBUG_INFORMATION_FORMAT = dwarf;
				ENABLE_STRICT_OBJC_MSGSEND = YES;
				ENABLE_TESTABILITY = YES;
				GCC_C_LANGUAGE_STANDARD = gnu11;
				GCC_DYNAMIC_NO_PIC = NO;
				GCC_NO_COMMON_BLOCKS = YES;
				GCC_OPTIMIZATION_LEVEL = 0;
				GCC_PREPROCESSOR_DEFINITIONS = (
					"DEBUG=1",
					"$(inherited)",
				);
				GCC_WARN_64_TO_32_BIT_CONVERSION = YES;
				GCC_WARN_ABOUT_RETURN_TYPE = YES_ERROR;
				GCC_WARN_UNDECLARED_SELECTOR = YES;
				GCC_WARN_UNINITIALIZED_AUTOS = YES_AGGRESSIVE;
				GCC_WARN_UNUSED_FUNCTION = YES;
				GCC_WARN_UNUSED_VARIABLE = YES;
				IPHONEOS_DEPLOYMENT_TARGET = 15.5;
				MTL_ENABLE_DEBUG_INFO = INCLUDE_SOURCE;
				MTL_FAST_MATH = YES;
				ONLY_ACTIVE_ARCH = YES;
				SDKROOT = iphoneos;
				SWIFT_ACTIVE_COMPILATION_CONDITIONS = DEBUG;
				SWIFT_OPTIMIZATION_LEVEL = "-Onone";
			};
			name = Debug;
		};
		DC49C0BE2848C91C0001E114 /* Release */ = {
			isa = XCBuildConfiguration;
			buildSettings = {
				ALWAYS_SEARCH_USER_PATHS = NO;
				CLANG_ANALYZER_NONNULL = YES;
				CLANG_ANALYZER_NUMBER_OBJECT_CONVERSION = YES_AGGRESSIVE;
				CLANG_CXX_LANGUAGE_STANDARD = "gnu++17";
				CLANG_ENABLE_MODULES = YES;
				CLANG_ENABLE_OBJC_ARC = YES;
				CLANG_ENABLE_OBJC_WEAK = YES;
				CLANG_WARN_BLOCK_CAPTURE_AUTORELEASING = YES;
				CLANG_WARN_BOOL_CONVERSION = YES;
				CLANG_WARN_COMMA = YES;
				CLANG_WARN_CONSTANT_CONVERSION = YES;
				CLANG_WARN_DEPRECATED_OBJC_IMPLEMENTATIONS = YES;
				CLANG_WARN_DIRECT_OBJC_ISA_USAGE = YES_ERROR;
				CLANG_WARN_DOCUMENTATION_COMMENTS = YES;
				CLANG_WARN_EMPTY_BODY = YES;
				CLANG_WARN_ENUM_CONVERSION = YES;
				CLANG_WARN_INFINITE_RECURSION = YES;
				CLANG_WARN_INT_CONVERSION = YES;
				CLANG_WARN_NON_LITERAL_NULL_CONVERSION = YES;
				CLANG_WARN_OBJC_IMPLICIT_RETAIN_SELF = YES;
				CLANG_WARN_OBJC_LITERAL_CONVERSION = YES;
				CLANG_WARN_OBJC_ROOT_CLASS = YES_ERROR;
				CLANG_WARN_QUOTED_INCLUDE_IN_FRAMEWORK_HEADER = YES;
				CLANG_WARN_RANGE_LOOP_ANALYSIS = YES;
				CLANG_WARN_STRICT_PROTOTYPES = YES;
				CLANG_WARN_SUSPICIOUS_MOVE = YES;
				CLANG_WARN_UNGUARDED_AVAILABILITY = YES_AGGRESSIVE;
				CLANG_WARN_UNREACHABLE_CODE = YES;
				CLANG_WARN__DUPLICATE_METHOD_MATCH = YES;
				COPY_PHASE_STRIP = NO;
				DEBUG_INFORMATION_FORMAT = "dwarf-with-dsym";
				ENABLE_NS_ASSERTIONS = NO;
				ENABLE_STRICT_OBJC_MSGSEND = YES;
				GCC_C_LANGUAGE_STANDARD = gnu11;
				GCC_NO_COMMON_BLOCKS = YES;
				GCC_WARN_64_TO_32_BIT_CONVERSION = YES;
				GCC_WARN_ABOUT_RETURN_TYPE = YES_ERROR;
				GCC_WARN_UNDECLARED_SELECTOR = YES;
				GCC_WARN_UNINITIALIZED_AUTOS = YES_AGGRESSIVE;
				GCC_WARN_UNUSED_FUNCTION = YES;
				GCC_WARN_UNUSED_VARIABLE = YES;
				IPHONEOS_DEPLOYMENT_TARGET = 15.5;
				MTL_ENABLE_DEBUG_INFO = NO;
				MTL_FAST_MATH = YES;
				SDKROOT = iphoneos;
				SWIFT_COMPILATION_MODE = wholemodule;
				SWIFT_OPTIMIZATION_LEVEL = "-O";
				VALIDATE_PRODUCT = YES;
			};
			name = Release;
		};
		DC49C0C02848C91C0001E114 /* Debug */ = {
			isa = XCBuildConfiguration;
			buildSettings = {
				ASSETCATALOG_COMPILER_APPICON_NAME = AppIcon;
				ASSETCATALOG_COMPILER_GLOBAL_ACCENT_COLOR_NAME = AccentColor;
				CODE_SIGN_STYLE = Automatic;
				CURRENT_PROJECT_VERSION = 1;
				DEVELOPMENT_TEAM = 34JS69S5XZ;
				GENERATE_INFOPLIST_FILE = YES;
				INFOPLIST_FILE = tableViewDragModule/Info.plist;
				INFOPLIST_KEY_UIApplicationSupportsIndirectInputEvents = YES;
				INFOPLIST_KEY_UILaunchStoryboardName = LaunchScreen;
				INFOPLIST_KEY_UIMainStoryboardFile = Main;
				INFOPLIST_KEY_UISupportedInterfaceOrientations_iPad = "UIInterfaceOrientationPortrait UIInterfaceOrientationPortraitUpsideDown UIInterfaceOrientationLandscapeLeft UIInterfaceOrientationLandscapeRight";
				INFOPLIST_KEY_UISupportedInterfaceOrientations_iPhone = "UIInterfaceOrientationPortrait UIInterfaceOrientationLandscapeLeft UIInterfaceOrientationLandscapeRight";
				LD_RUNPATH_SEARCH_PATHS = (
					"$(inherited)",
					"@executable_path/Frameworks",
				);
				MARKETING_VERSION = 1.0;
				PRODUCT_BUNDLE_IDENTIFIER = com.cordercollie.ios.tableViewDragModule;
				PRODUCT_NAME = "$(TARGET_NAME)";
				SWIFT_EMIT_LOC_STRINGS = YES;
				SWIFT_VERSION = 5.0;
				TARGETED_DEVICE_FAMILY = "1,2";
			};
			name = Debug;
		};
		DC49C0C12848C91C0001E114 /* Release */ = {
			isa = XCBuildConfiguration;
			buildSettings = {
				ASSETCATALOG_COMPILER_APPICON_NAME = AppIcon;
				ASSETCATALOG_COMPILER_GLOBAL_ACCENT_COLOR_NAME = AccentColor;
				CODE_SIGN_STYLE = Automatic;
				CURRENT_PROJECT_VERSION = 1;
				DEVELOPMENT_TEAM = 34JS69S5XZ;
				GENERATE_INFOPLIST_FILE = YES;
				INFOPLIST_FILE = tableViewDragModule/Info.plist;
				INFOPLIST_KEY_UIApplicationSupportsIndirectInputEvents = YES;
				INFOPLIST_KEY_UILaunchStoryboardName = LaunchScreen;
				INFOPLIST_KEY_UIMainStoryboardFile = Main;
				INFOPLIST_KEY_UISupportedInterfaceOrientations_iPad = "UIInterfaceOrientationPortrait UIInterfaceOrientationPortraitUpsideDown UIInterfaceOrientationLandscapeLeft UIInterfaceOrientationLandscapeRight";
				INFOPLIST_KEY_UISupportedInterfaceOrientations_iPhone = "UIInterfaceOrientationPortrait UIInterfaceOrientationLandscapeLeft UIInterfaceOrientationLandscapeRight";
				LD_RUNPATH_SEARCH_PATHS = (
					"$(inherited)",
					"@executable_path/Frameworks",
				);
				MARKETING_VERSION = 1.0;
				PRODUCT_BUNDLE_IDENTIFIER = com.cordercollie.ios.tableViewDragModule;
				PRODUCT_NAME = "$(TARGET_NAME)";
				SWIFT_EMIT_LOC_STRINGS = YES;
				SWIFT_VERSION = 5.0;
				TARGETED_DEVICE_FAMILY = "1,2";
			};
			name = Release;
		};
/* End XCBuildConfiguration section */

/* Begin XCConfigurationList section */
		DC49C0A62848C91A0001E114 /* Build configuration list for PBXProject "tableViewDragModule" */ = {
			isa = XCConfigurationList;
			buildConfigurations = (
				DC49C0BD2848C91C0001E114 /* Debug */,
				DC49C0BE2848C91C0001E114 /* Release */,
			);
			defaultConfigurationIsVisible = 0;
			defaultConfigurationName = Release;
		};
		DC49C0BF2848C91C0001E114 /* Build configuration list for PBXNativeTarget "tableViewDragModule" */ = {
			isa = XCConfigurationList;
			buildConfigurations = (
				DC49C0C02848C91C0001E114 /* Debug */,
				DC49C0C12848C91C0001E114 /* Release */,
			);
			defaultConfigurationIsVisible = 0;
			defaultConfigurationName = Release;
		};
/* End XCConfigurationList section */
	};
	rootObject = DC49C0A32848C91A0001E114 /* Project object */;
}
